
Microsoft Visual Studio Solution File, Format Version 12.00
# Visual Studio Version 17
VisualStudioVersion = 17.8.34330.188
MinimumVisualStudioVersion = 10.0.40219.1
Project("{FAE04EC0-301F-11D3-BF4B-00C04F79EFBC}") = "GrafikaKomputerowa2proj", "GrafikaKomputerowa2proj.csproj", "{166EE208-406C-4184-9E60-0C73678CBFAC}"
EndProject
Global
	GlobalSection(SolutionConfigurationPlatforms) = preSolution
		Debug|Any CPU = Debug|Any CPU
		Release|Any CPU = Release|Any CPU
	EndGlobalSection
	GlobalSection(ProjectConfigurationPlatforms) = postSolution
		{166EE208-406C-4184-9E60-0C73678CBFAC}.Debug|Any CPU.ActiveCfg = Debug|Any CPU
		{166EE208-406C-4184-9E60-0C73678CBFAC}.Debug|Any CPU.Build.0 = Debug|Any CPU
		{166EE208-406C-4184-9E60-0C73678CBFAC}.Release|Any CPU.ActiveCfg = Release|Any CPU
		{166EE208-406C-4184-9E60-0C73678CBFAC}.Release|Any CPU.Build.0 = Release|Any CPU
	EndGlobalSection
	GlobalSection(SolutionProperties) = preSolution
		HideSolutionNode = FALSE
	EndGlobalSection
	GlobalSection(ExtensibilityGlobals) = postSolution
		SolutionGuid = {54AA4D7A-2780-4413-A0C0-161A833A655F}
	EndGlobalSection
EndGlobal
